// !$*UTF8*$!
{
	archiveVersion = 1;
	classes = {
	};
	objectVersion = 46;
	objects = {

/* Begin PBXBuildFile section */
		3452E94E15C3F55D00BD2B94 /* Image.cpp in Sources */ = {isa = PBXBuildFile; fileRef = 3452E93F15C3F55D00BD2B94 /* Image.cpp */; };
		3452E94F15C3F55D00BD2B94 /* IniFile.cpp in Sources */ = {isa = PBXBuildFile; fileRef = 3452E94115C3F55D00BD2B94 /* IniFile.cpp */; };
		3452E95015C3F55D00BD2B94 /* main.cpp in Sources */ = {isa = PBXBuildFile; fileRef = 3452E94315C3F55D00BD2B94 /* main.cpp */; };
		3452E95115C3F55D00BD2B94 /* Manga.cpp in Sources */ = {isa = PBXBuildFile; fileRef = 3452E94415C3F55D00BD2B94 /* Manga.cpp */; };
		3452E95215C3F55D00BD2B94 /* MangaParser.cpp in Sources */ = {isa = PBXBuildFile; fileRef = 3452E94615C3F55D00BD2B94 /* MangaParser.cpp */; };
		3452E95515C3F55D00BD2B94 /* Utils.cpp in Sources */ = {isa = PBXBuildFile; fileRef = 3452E94C15C3F55D00BD2B94 /* Utils.cpp */; };
/* End PBXBuildFile section */

/* Begin PBXFileReference section */
		3452E92B15C3F52000BD2B94 /* MangaDown */ = {isa = PBXFileReference; explicitFileType = "compiled.mach-o.executable"; includeInIndex = 0; path = MangaDown; sourceTree = BUILT_PRODUCTS_DIR; };
		3452E93F15C3F55D00BD2B94 /* Image.cpp */ = {isa = PBXFileReference; fileEncoding = 4; lastKnownFileType = sourcecode.cpp.cpp; name = Image.cpp; path = src/Image.cpp; sourceTree = SOURCE_ROOT; };
		3452E94015C3F55D00BD2B94 /* Image.hpp */ = {isa = PBXFileReference; fileEncoding = 4; lastKnownFileType = sourcecode.cpp.h; name = Image.hpp; path = src/Image.hpp; sourceTree = SOURCE_ROOT; };
		3452E94115C3F55D00BD2B94 /* IniFile.cpp */ = {isa = PBXFileReference; fileEncoding = 4; lastKnownFileType = sourcecode.cpp.cpp; name = IniFile.cpp; path = src/IniFile.cpp; sourceTree = SOURCE_ROOT; };
		3452E94215C3F55D00BD2B94 /* IniFile.hpp */ = {isa = PBXFileReference; fileEncoding = 4; lastKnownFileType = sourcecode.cpp.h; name = IniFile.hpp; path = src/IniFile.hpp; sourceTree = SOURCE_ROOT; };
		3452E94315C3F55D00BD2B94 /* main.cpp */ = {isa = PBXFileReference; fileEncoding = 4; lastKnownFileType = sourcecode.cpp.cpp; name = main.cpp; path = src/main.cpp; sourceTree = SOURCE_ROOT; };
		3452E94415C3F55D00BD2B94 /* Manga.cpp */ = {isa = PBXFileReference; fileEncoding = 4; lastKnownFileType = sourcecode.cpp.cpp; name = Manga.cpp; path = src/Manga.cpp; sourceTree = SOURCE_ROOT; };
		3452E94515C3F55D00BD2B94 /* Manga.hpp */ = {isa = PBXFileReference; fileEncoding = 4; lastKnownFileType = sourcecode.cpp.h; name = Manga.hpp; path = src/Manga.hpp; sourceTree = SOURCE_ROOT; };
		3452E94615C3F55D00BD2B94 /* MangaParser.cpp */ = {isa = PBXFileReference; fileEncoding = 4; lastKnownFileType = sourcecode.cpp.cpp; name = MangaParser.cpp; path = src/MangaParser.cpp; sourceTree = SOURCE_ROOT; };
		3452E94715C3F55D00BD2B94 /* MangaParser.hpp */ = {isa = PBXFileReference; fileEncoding = 4; lastKnownFileType = sourcecode.cpp.h; name = MangaParser.hpp; path = src/MangaParser.hpp; sourceTree = SOURCE_ROOT; };
		3452E94C15C3F55D00BD2B94 /* Utils.cpp */ = {isa = PBXFileReference; fileEncoding = 4; lastKnownFileType = sourcecode.cpp.cpp; name = Utils.cpp; path = src/Utils.cpp; sourceTree = SOURCE_ROOT; };
		3452E94D15C3F55D00BD2B94 /* Utils.hpp */ = {isa = PBXFileReference; fileEncoding = 4; lastKnownFileType = sourcecode.cpp.h; name = Utils.hpp; path = src/Utils.hpp; sourceTree = SOURCE_ROOT; };
/* End PBXFileReference section */

/* Begin PBXFrameworksBuildPhase section */
		3452E92915C3F52000BD2B94 /* Frameworks */ = {
			isa = PBXFrameworksBuildPhase;
			buildActionMask = 2147483647;
			files = (
			);
			runOnlyForDeploymentPostprocessing = 0;
		};
/* End PBXFrameworksBuildPhase section */

/* Begin PBXGroup section */
		3452E92115C3F52000BD2B94 = {
			isa = PBXGroup;
			children = (
				3452E92E15C3F52000BD2B94 /* MangaDown */,
				3452E92C15C3F52000BD2B94 /* Products */,
			);
			sourceTree = "<group>";
		};
		3452E92C15C3F52000BD2B94 /* Products */ = {
			isa = PBXGroup;
			children = (
				3452E92B15C3F52000BD2B94 /* MangaDown */,
			);
			name = Products;
			sourceTree = "<group>";
		};
		3452E92E15C3F52000BD2B94 /* MangaDown */ = {
			isa = PBXGroup;
			children = (
				3452E94315C3F55D00BD2B94 /* main.cpp */,
				3452E93F15C3F55D00BD2B94 /* Image.cpp */,
				3452E94015C3F55D00BD2B94 /* Image.hpp */,
				3452E94115C3F55D00BD2B94 /* IniFile.cpp */,
				3452E94215C3F55D00BD2B94 /* IniFile.hpp */,
				3452E94415C3F55D00BD2B94 /* Manga.cpp */,
				3452E94515C3F55D00BD2B94 /* Manga.hpp */,
				3452E94615C3F55D00BD2B94 /* MangaParser.cpp */,
				3452E94715C3F55D00BD2B94 /* MangaParser.hpp */,
				3452E94C15C3F55D00BD2B94 /* Utils.cpp */,
				3452E94D15C3F55D00BD2B94 /* Utils.hpp */,
			);
			path = MangaDown;
			sourceTree = "<group>";
		};
/* End PBXGroup section */

/* Begin PBXNativeTarget section */
		3452E92A15C3F52000BD2B94 /* MangaDown */ = {
			isa = PBXNativeTarget;
			buildConfigurationList = 3452E93315C3F52000BD2B94 /* Build configuration list for PBXNativeTarget "MangaDown" */;
			buildPhases = (
				3452E92815C3F52000BD2B94 /* Sources */,
				3452E92915C3F52000BD2B94 /* Frameworks */,
			);
			buildRules = (
			);
			dependencies = (
			);
			name = MangaDown;
			productName = MangaDown;
			productReference = 3452E92B15C3F52000BD2B94 /* MangaDown */;
			productType = "com.apple.product-type.tool";
		};
/* End PBXNativeTarget section */

/* Begin PBXProject section */
		3452E92315C3F52000BD2B94 /* Project object */ = {
			isa = PBXProject;
			attributes = {
				LastUpgradeCheck = 0420;
				ORGANIZATIONNAME = "Posva Games";
			};
			buildConfigurationList = 3452E92615C3F52000BD2B94 /* Build configuration list for PBXProject "MangaDown" */;
			compatibilityVersion = "Xcode 3.2";
			developmentRegion = English;
			hasScannedForEncodings = 0;
			knownRegions = (
				en,
			);
			mainGroup = 3452E92115C3F52000BD2B94;
			productRefGroup = 3452E92C15C3F52000BD2B94 /* Products */;
			projectDirPath = "";
			projectRoot = "";
			targets = (
				3452E92A15C3F52000BD2B94 /* MangaDown */,
			);
		};
/* End PBXProject section */

/* Begin PBXSourcesBuildPhase section */
		3452E92815C3F52000BD2B94 /* Sources */ = {
			isa = PBXSourcesBuildPhase;
			buildActionMask = 2147483647;
			files = (
				3452E94E15C3F55D00BD2B94 /* Image.cpp in Sources */,
				3452E94F15C3F55D00BD2B94 /* IniFile.cpp in Sources */,
				3452E95015C3F55D00BD2B94 /* main.cpp in Sources */,
				3452E95115C3F55D00BD2B94 /* Manga.cpp in Sources */,
				3452E95215C3F55D00BD2B94 /* MangaParser.cpp in Sources */,
				3452E95515C3F55D00BD2B94 /* Utils.cpp in Sources */,
			);
			runOnlyForDeploymentPostprocessing = 0;
		};
/* End PBXSourcesBuildPhase section */

/* Begin XCBuildConfiguration section */
		3452E93115C3F52000BD2B94 /* Debug */ = {
			isa = XCBuildConfiguration;
			buildSettings = {
				ALWAYS_SEARCH_USER_PATHS = NO;
				ARCHS = "$(ARCHS_STANDARD_64_BIT)";
				CLANG_ENABLE_OBJC_ARC = "";
				COPY_PHASE_STRIP = NO;
				GCC_C_LANGUAGE_STANDARD = gnu99;
				GCC_DYNAMIC_NO_PIC = NO;
				GCC_ENABLE_OBJC_EXCEPTIONS = YES;
				GCC_ENABLE_OBJC_GC = unsupported;
				GCC_OPTIMIZATION_LEVEL = 0;
				GCC_PREPROCESSOR_DEFINITIONS = (
					"DEBUG=1",
					"$(inherited)",
				);
				GCC_SYMBOLS_PRIVATE_EXTERN = NO;
				GCC_VERSION = com.apple.compilers.llvm.clang.1_0;
				GCC_WARN_64_TO_32_BIT_CONVERSION = YES;
				GCC_WARN_ABOUT_MISSING_PROTOTYPES = YES;
				GCC_WARN_ABOUT_RETURN_TYPE = YES;
				GCC_WARN_UNUSED_VARIABLE = YES;
				HEADER_SEARCH_PATHS = "$(HEADER_SEARCH_PATHS)";
				MACOSX_DEPLOYMENT_TARGET = 10.6;
				ONLY_ACTIVE_ARCH = YES;
				OTHER_LDFLAGS = (
					"$(OTHER_LDFLAGS)",
					"$(SFML_SYSTEM)",
					"$(SFML_WINDOW)",
					"$(SFML_GRAPHICS)",
					"$(SFML_AUDIO)",
					"$(SFML_NETWORK)",
				);
				PRODUCT_NAME = "$(TARGET_NAME)";
				SDKROOT = macosx;
				SFML_AUDIO = "";
				SFML_LINK_DYLIBS_PREFIX = "-l";
				SFML_LINK_DYLIBS_SUFFIX = "-d";
				SFML_LINK_FRAMEWORKS_PREFIX = "-framework ";
				SFML_LINK_FRAMEWORKS_SUFFIX = "";
				SFML_LINK_PREFIX = "$(SFML_LINK_FRAMEWORKS_PREFIX)";
				SFML_LINK_SUFFIX = "$(SFML_LINK_FRAMEWORKS_SUFFIX)";
				SFML_NETWORK = "$(SFML_LINK_PREFIX)sfml-network$(SFML_LINK_SUFFIX)";
				SFML_SYSTEM = "$(SFML_LINK_PREFIX)sfml-system$(SFML_LINK_SUFFIX)";
				SFML_WINDOW = "";
			};
			name = Debug;
		};
		3452E93215C3F52000BD2B94 /* Release */ = {
			isa = XCBuildConfiguration;
			buildSettings = {
				ALWAYS_SEARCH_USER_PATHS = NO;
				ARCHS = "$(ARCHS_STANDARD_64_BIT)";
				CLANG_ENABLE_OBJC_ARC = "";
				COPY_PHASE_STRIP = YES;
				DEBUG_INFORMATION_FORMAT = "dwarf-with-dsym";
				GCC_C_LANGUAGE_STANDARD = gnu99;
				GCC_ENABLE_OBJC_EXCEPTIONS = YES;
				GCC_ENABLE_OBJC_GC = unsupported;
				GCC_VERSION = com.apple.compilers.llvm.clang.1_0;
				GCC_WARN_64_TO_32_BIT_CONVERSION = YES;
				GCC_WARN_ABOUT_MISSING_PROTOTYPES = YES;
				GCC_WARN_ABOUT_RETURN_TYPE = YES;
				GCC_WARN_UNUSED_VARIABLE = YES;
				HEADER_SEARCH_PATHS = "$(HEADER_SEARCH_PATHS)";
				MACOSX_DEPLOYMENT_TARGET = 10.6;
				OTHER_LDFLAGS = (
					"$(OTHER_LDFLAGS)",
					"$(SFML_SYSTEM)",
					"$(SFML_WINDOW)",
					"$(SFML_GRAPHICS)",
					"$(SFML_AUDIO)",
					"$(SFML_NETWORK)",
				);
				PRODUCT_NAME = "$(TARGET_NAME)";
				SDKROOT = macosx;
				SFML_AUDIO = "";
				SFML_LINK_DYLIBS_PREFIX = "-l";
				SFML_LINK_DYLIBS_SUFFIX = "";
				SFML_LINK_FRAMEWORKS_PREFIX = "-framework ";
				SFML_LINK_FRAMEWORKS_SUFFIX = "";
				SFML_LINK_PREFIX = "$(SFML_LINK_FRAMEWORKS_PREFIX)";
				SFML_LINK_SUFFIX = "$(SFML_LINK_FRAMEWORKS_SUFFIX)";
				SFML_NETWORK = "$(SFML_LINK_PREFIX)sfml-network$(SFML_LINK_SUFFIX)";
				SFML_SYSTEM = "$(SFML_LINK_PREFIX)sfml-system$(SFML_LINK_SUFFIX)";
				SFML_WINDOW = "";
			};
			name = Release;
		};
		3452E93415C3F52000BD2B94 /* Debug */ = {
			isa = XCBuildConfiguration;
			buildSettings = {
				PRODUCT_NAME = "$(TARGET_NAME)";
			};
			name = Debug;
		};
		3452E93515C3F52000BD2B94 /* Release */ = {
			isa = XCBuildConfiguration;
			buildSettings = {
				PRODUCT_NAME = "$(TARGET_NAME)";
			};
			name = Release;
		};
/* End XCBuildConfiguration section */

/* Begin XCConfigurationList section */
		3452E92615C3F52000BD2B94 /* Build configuration list for PBXProject "MangaDown" */ = {
			isa = XCConfigurationList;
			buildConfigurations = (
				3452E93115C3F52000BD2B94 /* Debug */,
				3452E93215C3F52000BD2B94 /* Release */,
			);
			defaultConfigurationIsVisible = 0;
			defaultConfigurationName = Release;
		};
		3452E93315C3F52000BD2B94 /* Build configuration list for PBXNativeTarget "MangaDown" */ = {
			isa = XCConfigurationList;
			buildConfigurations = (
				3452E93415C3F52000BD2B94 /* Debug */,
				3452E93515C3F52000BD2B94 /* Release */,
			);
			defaultConfigurationIsVisible = 0;
			defaultConfigurationName = Release;
		};
/* End XCConfigurationList section */
	};
	rootObject = 3452E92315C3F52000BD2B94 /* Project object */;
}
